<?xml version="1.0" encoding="utf-8"?>
<Project ToolsVersion="4.0" xmlns="http://schemas.microsoft.com/developer/msbuild/2003">
  <ItemGroup>
    <Filter Include="Source Files">
      <UniqueIdentifier>{4FC737F1-C7A5-4376-A066-2A32D752A2FF}</UniqueIdentifier>
      <Extensions>cpp;c;cc;cxx;c++;cppm;ixx;def;odl;idl;hpj;bat;asm;asmx</Extensions>
    </Filter>
    <Filter Include="Header Files">
      <UniqueIdentifier>{93995380-89BD-4b04-88EB-625FBE52EBFB}</UniqueIdentifier>
      <Extensions>h;hh;hpp;hxx;h++;hm;inl;inc;ipp;xsd</Extensions>
    </Filter>
    <Filter Include="Resource Files">
      <UniqueIdentifier>{67DA6AB6-F800-4c08-8B7A-83BB121AAD01}</UniqueIdentifier>
      <Extensions>rc;ico;cur;bmp;dlg;rc2;rct;bin;rgs;gif;jpg;jpeg;jpe;resx;tiff;tif;png;wav;mfcribbon-ms</Extensions>
    </Filter>
  </ItemGroup>
  <ItemGroup>
    <ClCompile Include="MIDI2OSC.cpp">
      <Filter>Source Files</Filter>
    </ClCompile>
    <ClCompile Include="RtMidi.cpp">
      <Filter>Source Files</Filter>
    </ClCompile>
    <ClCompile Include="osc\OscOutboundPacketStream.cpp">
      <Filter>Header Files</Filter>
    </ClCompile>
    <ClCompile Include="osc\OscPrintReceivedElements.cpp">
      <Filter>Header Files</Filter>
    </ClCompile>
    <ClCompile Include="osc\OscReceivedElements.cpp">
      <Filter>Header Files</Filter>
    </ClCompile>
    <ClCompile Include="osc\OscTypes.cpp">
      <Filter>Header Files</Filter>
    </ClCompile>
    <ClCompile Include="ip\IpEndpointName.cpp">
      <Filter>Header Files</Filter>
    </ClCompile>
    <ClCompile Include="ip\win32\NetworkingUtils.cpp">
      <Filter>Source Files</Filter>
    </ClCompile>
    <ClCompile Include="ip\win32\UdpSocket.cpp">
      <Filter>Source Files</Filter>
    </ClCompile>
  </ItemGroup>
  <ItemGroup>
    <ClInclude Include="RtMidi.h">
      <Filter>Header Files</Filter>
    </ClInclude>
    <ClInclude Include="oscpp\client.hpp">
      <Filter>Header Files</Filter>
    </ClInclude>
    <ClInclude Include="oscpp\error.hpp">
      <Filter>Header Files</Filter>
    </ClInclude>
    <ClInclude Include="oscpp\print.hpp">
      <Filter>Header Files</Filter>
    </ClInclude>
    <ClInclude Include="oscpp\server.hpp">
      <Filter>Header Files</Filter>
    </ClInclude>
    <ClInclude Include="oscpp\types.hpp">
      <Filter>Header Files</Filter>
    </ClInclude>
    <ClInclude Include="oscpp\util.hpp">
      <Filter>Header Files</Filter>
    </ClInclude>
    <ClInclude Include="oscpp\detail\endian.hpp">
      <Filter>Header Files</Filter>
    </ClInclude>
    <ClInclude Include="oscpp\detail\host.hpp">
      <Filter>Header Files</Filter>
    </ClInclude>
    <ClInclude Include="oscpp\detail\stream.hpp">
      <Filter>Header Files</Filter>
    </ClInclude>
    <ClInclude Include="osc\MessageMappingOscPacketListener.h">
      <Filter>Header Files</Filter>
    </ClInclude>
    <ClInclude Include="osc\OscException.h">
      <Filter>Header Files</Filter>
    </ClInclude>
    <ClInclude Include="osc\OscHostEndianness.h">
      <Filter>Header Files</Filter>
    </ClInclude>
    <ClInclude Include="osc\OscOutboundPacketStream.h">
      <Filter>Header Files</Filter>
    </ClInclude>
    <ClInclude Include="osc\OscPacketListener.h">
      <Filter>Header Files</Filter>
    </ClInclude>
    <ClInclude Include="osc\OscPrintReceivedElements.h">
      <Filter>Header Files</Filter>
    </ClInclude>
    <ClInclude Include="osc\OscReceivedElements.h">
      <Filter>Header Files</Filter>
    </ClInclude>
    <ClInclude Include="osc\OscTypes.h">
      <Filter>Header Files</Filter>
    </ClInclude>
    <ClInclude Include="ip\IpEndpointName.h">
      <Filter>Header Files</Filter>
    </ClInclude>
    <ClInclude Include="ip\NetworkingUtils.h">
      <Filter>Header Files</Filter>
    </ClInclude>
    <ClInclude Include="ip\PacketListener.h">
      <Filter>Header Files</Filter>
    </ClInclude>
    <ClInclude Include="ip\TimerListener.h">
      <Filter>Header Files</Filter>
    </ClInclude>
    <ClInclude Include="ip\UdpSocket.h">
      <Filter>Header Files</Filter>
    </ClInclude>
  </ItemGroup>
</Project>